{
  "nodes": {
    "crane": {
      "locked": {
        "lastModified": 1787326676,
        "narHash": "sha256-lWhBbBvC05/xwivKBBiM2YNizpmgqCgyOIzomvRuwxs=",
        "rev": "692f7e9ef2ece8125b466f66f2af532b3edaed0d",
        "revCount": 891,
        "type": "tarball",
        "url": "https://api.flakehub.com/f/pinned/ipetkov/crane/0.24.0/01a024fa-8efd-7f73-ab14-d020d0f08bde/source.tar.gz"
      },
      "original": {
        "type": "tarball",
        "url": "https://flakehub.com/f/ipetkov/crane/0"
      }
    },
    "flake-compat": {
      "flake": false,
      "locked": {
        "lastModified": 1767039857,
        "narHash": "sha256-vNpUSpF5Nuw8xvDLj2KCwwksIbjua2LZCqhV1LNRDns=",
        "owner": "NixOS",
        "repo": "flake-compat",
        "rev": "5edf11c44bc78a0d334f6334cdaf7d60d732daab",
        "type": "github"
      },
      "original": {
        "owner": "NixOS",
        "repo": "flake-compat",
        "type": "github"
      }
    },
    "flake-parts": {
      "inputs": {
        "nixpkgs-lib": [
          "nixpkgs"
        ]
      },
      "locked": {
        "lastModified": 1788450739,
        "narHash": "sha256-glZLQlzIn1fXH6PazR2iUmTo7kzzyYSshrWhLS9TqCU=",
        "rev": "31729ca8cbdb4fa927b34e5f4353e6a83f39e993",
        "revCount": 494,
        "type": "tarball",
        "url": "https://api.flakehub.com/f/pinned/hercules-ci/flake-parts/0.1.494%2Brev-31729ca8cbdb4fa927b34e5f4353e6a83f39e993/01a06859-cb2a-7ef3-93da-70cc1b6dd761/source.tar.gz"
      },
      "original": {
        "type": "tarball",
        "url": "https://flakehub.com/f/hercules-ci/flake-parts/0"
      }
    },
    "git-hooks": {
      "inputs": {
        "flake-compat": "flake-compat",
        "nixpkgs": [
          "nixpkgs"
        ]
      },
      "locked": {
        "lastModified": 1787424939,
        "narHash": "sha256-O2tBn84NNuHrnqNVxx/XqsXwfYvS1YwBh+7CBnbCYsk=",
        "rev": "809414f0cdadf82cf11b06c2b29ba9b3168b3297",
        "revCount": 1233,
        "type": "tarball",
        "url": "https://api.flakehub.com/f/pinned/cachix/git-hooks.nix/0.1.1233%2Brev-809414f0cdadf82cf11b06c2b29ba9b3168b3297/01a02d24-e252-7832-9731-8e97d3060f3c/source.tar.gz"
      },
      "original": {
        "type": "tarball",
        "url": "https://flakehub.com/f/cachix/git-hooks.nix/0"
      }
    },
    "nixpkgs": {
      "locked": {
        "lastModified": 1788584326,
        "narHash": "sha256-Fd3OB8J9JhgliQwOKcqx4M672CInxi1I5VnwsaXeSQo=",
        "rev": "6713828a351efa628b025a1adf7f43cbf8597513",
        "revCount": 1013464,
        "type": "tarball",
        "url": "https://api.flakehub.com/f/pinned/NixOS/nixpkgs/0.2605.1013464%2Brev-6713828a351efa628b025a1adf7f43cbf8597513/01a07539-88a8-7940-bbe9-bd2b0da40c98/source.tar.gz"
      },
      "original": {
        "type": "tarball",
        "url": "https://flakehub.com/f/NixOS/nixpkgs/0"
      }
    },
    "root": {
      "inputs": {
        "crane": "crane",
        "flake-parts": "flake-parts",
        "git-hooks": "git-hooks",
        "nixpkgs": "nixpkgs",
        "rust-overlay": "rust-overlay",
        "treefmt-nix": "treefmt-nix"
      }
    },
    "rust-overlay": {
      "inputs": {
        "nixpkgs": [
          "nixpkgs"
        ]
      },
      "locked": {
        "lastModified": 1788678114,
        "narHash": "sha256-pcqbpV4ZI79al6KAlr+WJjaEo/PYfgctRlG43D5BSJM=",
        "rev": "4748ec2f5ed4a881474ed4c98aa71a5308cdac8d",
        "revCount": 2296,
        "type": "tarball",
        "url": "https://api.flakehub.com/f/pinned/oxalica/rust-overlay/0.1.2296%2Brev-4748ec2f5ed4a881474ed4c98aa71a5308cdac8d/01a07593-cc84-7c72-8fd2-dbf1eda4f4d3/source.tar.gz"
      },
      "original": {
        "type": "tarball",
        "url": "https://flakehub.com/f/oxalica/rust-overlay/0"
      }
    },
    "treefmt-nix": {
      "inputs": {
        "nixpkgs": [
          "nixpkgs"
        ]
      },
      "locked": {
        "lastModified": 1786901030,
        "narHash": "sha256-WSFCsDSE5ffgD2MqzkM2CYjeFiKhRF/dJUN8uedb6YE=",
        "rev": "27b3b12a8e6375f28ebe122f07d230ca5459bbfa",
        "revCount": 557,
        "type": "tarball",
        "url": "https://api.flakehub.com/f/pinned/numtide/treefmt-nix/0.1.557%2Brev-27b3b12a8e6375f28ebe122f07d230ca5459bbfa/01a00ba7-ea6f-7822-ab05-cbad971fc7ca/source.tar.gz"
      },
      "original": {
        "type": "tarball",
        "url": "https://flakehub.com/f/numtide/treefmt-nix/0"
      }
    }
  },
  "root": "root",
  "version": 7
}
